
Microsoft Visual Studio Solution File, Format Version 12.00
# Visual Studio Version 16
VisualStudioVersion = 16.0.28809.33
MinimumVisualStudioVersion = 10.0.40219.1
Project("{FAE04EC0-301F-11D3-BF4B-00C04F79EFBC}") = "JorawarVideoRentalSystem", "JorawarVideoRentalSystem\JorawarVideoRentalSystem.csproj", "{54FF06A6-3B5F-4413-979B-DA99F487BC90}"
EndProject
Project("{FAE04EC0-301F-11D3-BF4B-00C04F79EFBC}") = "JorawarVideoRentalSystemTests", "JorawarVideoRentalSystemTests\JorawarVideoRentalSystemTests.csproj", "{8D10DAB0-0B88-4E78-BAB5-B86762EF64A0}"
EndProject
Global
	GlobalSection(SolutionConfigurationPlatforms) = preSolution
		Debug|Any CPU = Debug|Any CPU
		Release|Any CPU = Release|Any CPU
	EndGlobalSection
	GlobalSection(ProjectConfigurationPlatforms) = postSolution
		{54FF06A6-3B5F-4413-979B-DA99F487BC90}.Debug|Any CPU.ActiveCfg = Debug|Any CPU
		{54FF06A6-3B5F-4413-979B-DA99F487BC90}.Debug|Any CPU.Build.0 = Debug|Any CPU
		{54FF06A6-3B5F-4413-979B-DA99F487BC90}.Release|Any CPU.ActiveCfg = Release|Any CPU
		{54FF06A6-3B5F-4413-979B-DA99F487BC90}.Release|Any CPU.Build.0 = Release|Any CPU
		{8D10DAB0-0B88-4E78-BAB5-B86762EF64A0}.Debug|Any CPU.ActiveCfg = Debug|Any CPU
		{8D10DAB0-0B88-4E78-BAB5-B86762EF64A0}.Debug|Any CPU.Build.0 = Debug|Any CPU
		{8D10DAB0-0B88-4E78-BAB5-B86762EF64A0}.Release|Any CPU.ActiveCfg = Release|Any CPU
		{8D10DAB0-0B88-4E78-BAB5-B86762EF64A0}.Release|Any CPU.Build.0 = Release|Any CPU
	EndGlobalSection
	GlobalSection(SolutionProperties) = preSolution
		HideSolutionNode = FALSE
	EndGlobalSection
	GlobalSection(ExtensibilityGlobals) = postSolution
		SolutionGuid = {2178F3C4-300B-4DE7-BA52-7F2D7F33BD70}
	EndGlobalSection
EndGlobal
